
Microsoft Visual Studio Solution File, Format Version 12.00
# Visual Studio Version 17
VisualStudioVersion = 17.3.32825.248
MinimumVisualStudioVersion = 10.0.40219.1
Project("{FAE04EC0-301F-11D3-BF4B-00C04F79EFBC}") = "HomeWork14", "HomeWork14\HomeWork14.csproj", "{BF38AC80-6D3C-4A64-B329-8E49118BFD89}"
EndProject
Global
	GlobalSection(SolutionConfigurationPlatforms) = preSolution
		Debug|Any CPU = Debug|Any CPU
		Release|Any CPU = Release|Any CPU
	EndGlobalSection
	GlobalSection(ProjectConfigurationPlatforms) = postSolution
		{BF38AC80-6D3C-4A64-B329-8E49118BFD89}.Debug|Any CPU.ActiveCfg = Debug|Any CPU
		{BF38AC80-6D3C-4A64-B329-8E49118BFD89}.Debug|Any CPU.Build.0 = Debug|Any CPU
		{BF38AC80-6D3C-4A64-B329-8E49118BFD89}.Release|Any CPU.ActiveCfg = Release|Any CPU
		{BF38AC80-6D3C-4A64-B329-8E49118BFD89}.Release|Any CPU.Build.0 = Release|Any CPU
	EndGlobalSection
	GlobalSection(SolutionProperties) = preSolution
		HideSolutionNode = FALSE
	EndGlobalSection
	GlobalSection(ExtensibilityGlobals) = postSolution
		SolutionGuid = {D70BB4FE-5271-405F-A203-C9B5323BA5E6}
	EndGlobalSection
EndGlobal
